// !$*UTF8*$!
{
	archiveVersion = 1;
	classes = {
	};
	objectVersion = 50;
	objects = {

/* Begin PBXBuildFile section */
		A108091C211CDA210053004C /* AppDelegate.swift in Sources */ = {isa = PBXBuildFile; fileRef = A108091B211CDA210053004C /* AppDelegate.swift */; };
		A108091E211CDA210053004C /* ViewController.swift in Sources */ = {isa = PBXBuildFile; fileRef = A108091D211CDA210053004C /* ViewController.swift */; };
		A1080921211CDA210053004C /* Main.storyboard in Resources */ = {isa = PBXBuildFile; fileRef = A108091F211CDA210053004C /* Main.storyboard */; };
		A1080924211CDA210053004C /* MyGames.xcdatamodeld in Sources */ = {isa = PBXBuildFile; fileRef = A1080922211CDA210053004C /* MyGames.xcdatamodeld */; };
		A1080926211CDA220053004C /* Assets.xcassets in Resources */ = {isa = PBXBuildFile; fileRef = A1080925211CDA220053004C /* Assets.xcassets */; };
		A1080929211CDA220053004C /* LaunchScreen.storyboard in Resources */ = {isa = PBXBuildFile; fileRef = A1080927211CDA220053004C /* LaunchScreen.storyboard */; };
		A1080931211DB21E0053004C /* GamesTableViewController.swift in Sources */ = {isa = PBXBuildFile; fileRef = A1080930211DB21E0053004C /* GamesTableViewController.swift */; };
		A1080933211DB23F0053004C /* ConsolesTableViewController.swift in Sources */ = {isa = PBXBuildFile; fileRef = A1080932211DB23F0053004C /* ConsolesTableViewController.swift */; };
		A1080935211DB2690053004C /* GameViewController.swift in Sources */ = {isa = PBXBuildFile; fileRef = A1080934211DB2690053004C /* GameViewController.swift */; };
		A1080937211DB2820053004C /* AddEditViewController.swift in Sources */ = {isa = PBXBuildFile; fileRef = A1080936211DB2820053004C /* AddEditViewController.swift */; };
		A1080939211DB3520053004C /* GameTableViewCell.swift in Sources */ = {isa = PBXBuildFile; fileRef = A1080938211DB3520053004C /* GameTableViewCell.swift */; };
		A108093B211DBB9B0053004C /* ViewController+CoreData.swift in Sources */ = {isa = PBXBuildFile; fileRef = A108093A211DBB9B0053004C /* ViewController+CoreData.swift */; };
		A108093D211DC3C60053004C /* ConsolesManager.swift in Sources */ = {isa = PBXBuildFile; fileRef = A108093C211DC3C60053004C /* ConsolesManager.swift */; };
/* End PBXBuildFile section */

/* Begin PBXFileReference section */
		A1080918211CDA210053004C /* MyGames.app */ = {isa = PBXFileReference; explicitFileType = wrapper.application; includeInIndex = 0; path = MyGames.app; sourceTree = BUILT_PRODUCTS_DIR; };
		A108091B211CDA210053004C /* AppDelegate.swift */ = {isa = PBXFileReference; lastKnownFileType = sourcecode.swift; path = AppDelegate.swift; sourceTree = "<group>"; };
		A108091D211CDA210053004C /* ViewController.swift */ = {isa = PBXFileReference; lastKnownFileType = sourcecode.swift; path = ViewController.swift; sourceTree = "<group>"; };
		A1080920211CDA210053004C /* Base */ = {isa = PBXFileReference; lastKnownFileType = file.storyboard; name = Base; path = Base.lproj/Main.storyboard; sourceTree = "<group>"; };
		A1080923211CDA210053004C /* MyGames.xcdatamodel */ = {isa = PBXFileReference; lastKnownFileType = wrapper.xcdatamodel; path = MyGames.xcdatamodel; sourceTree = "<group>"; };
		A1080925211CDA220053004C /* Assets.xcassets */ = {isa = PBXFileReference; lastKnownFileType = folder.assetcatalog; path = Assets.xcassets; sourceTree = "<group>"; };
		A1080928211CDA220053004C /* Base */ = {isa = PBXFileReference; lastKnownFileType = file.storyboard; name = Base; path = Base.lproj/LaunchScreen.storyboard; sourceTree = "<group>"; };
		A108092A211CDA220053004C /* Info.plist */ = {isa = PBXFileReference; lastKnownFileType = text.plist.xml; path = Info.plist; sourceTree = "<group>"; };
		A1080930211DB21E0053004C /* GamesTableViewController.swift */ = {isa = PBXFileReference; lastKnownFileType = sourcecode.swift; path = GamesTableViewController.swift; sourceTree = "<group>"; };
		A1080932211DB23F0053004C /* ConsolesTableViewController.swift */ = {isa = PBXFileReference; lastKnownFileType = sourcecode.swift; path = ConsolesTableViewController.swift; sourceTree = "<group>"; };
		A1080934211DB2690053004C /* GameViewController.swift */ = {isa = PBXFileReference; lastKnownFileType = sourcecode.swift; path = GameViewController.swift; sourceTree = "<group>"; };
		A1080936211DB2820053004C /* AddEditViewController.swift */ = {isa = PBXFileReference; lastKnownFileType = sourcecode.swift; path = AddEditViewController.swift; sourceTree = "<group>"; };
		A1080938211DB3520053004C /* GameTableViewCell.swift */ = {isa = PBXFileReference; lastKnownFileType = sourcecode.swift; path = GameTableViewCell.swift; sourceTree = "<group>"; };
		A108093A211DBB9B0053004C /* ViewController+CoreData.swift */ = {isa = PBXFileReference; lastKnownFileType = sourcecode.swift; path = "ViewController+CoreData.swift"; sourceTree = "<group>"; };
		A108093C211DC3C60053004C /* ConsolesManager.swift */ = {isa = PBXFileReference; lastKnownFileType = sourcecode.swift; path = ConsolesManager.swift; sourceTree = "<group>"; };
/* End PBXFileReference section */

/* Begin PBXFrameworksBuildPhase section */
		A1080915211CDA210053004C /* Frameworks */ = {
			isa = PBXFrameworksBuildPhase;
			buildActionMask = 2147483647;
			files = (
			);
			runOnlyForDeploymentPostprocessing = 0;
		};
/* End PBXFrameworksBuildPhase section */

/* Begin PBXGroup section */
		A108090F211CDA210053004C = {
			isa = PBXGroup;
			children = (
				A108091A211CDA210053004C /* MyGames */,
				A1080919211CDA210053004C /* Products */,
			);
			sourceTree = "<group>";
		};
		A1080919211CDA210053004C /* Products */ = {
			isa = PBXGroup;
			children = (
				A1080918211CDA210053004C /* MyGames.app */,
			);
			name = Products;
			sourceTree = "<group>";
		};
		A108091A211CDA210053004C /* MyGames */ = {
			isa = PBXGroup;
			children = (
				A108091B211CDA210053004C /* AppDelegate.swift */,
				A108093A211DBB9B0053004C /* ViewController+CoreData.swift */,
				A108091D211CDA210053004C /* ViewController.swift */,
				A108091F211CDA210053004C /* Main.storyboard */,
				A1080938211DB3520053004C /* GameTableViewCell.swift */,
				A1080936211DB2820053004C /* AddEditViewController.swift */,
				A1080934211DB2690053004C /* GameViewController.swift */,
				A1080932211DB23F0053004C /* ConsolesTableViewController.swift */,
				A108093C211DC3C60053004C /* ConsolesManager.swift */,
				A1080930211DB21E0053004C /* GamesTableViewController.swift */,
				A1080925211CDA220053004C /* Assets.xcassets */,
				A1080927211CDA220053004C /* LaunchScreen.storyboard */,
				A108092A211CDA220053004C /* Info.plist */,
				A1080922211CDA210053004C /* MyGames.xcdatamodeld */,
			);
			path = MyGames;
			sourceTree = "<group>";
		};
/* End PBXGroup section */

/* Begin PBXNativeTarget section */
		A1080917211CDA210053004C /* MyGames */ = {
			isa = PBXNativeTarget;
			buildConfigurationList = A108092D211CDA220053004C /* Build configuration list for PBXNativeTarget "MyGames" */;
			buildPhases = (
				A1080914211CDA210053004C /* Sources */,
				A1080915211CDA210053004C /* Frameworks */,
				A1080916211CDA210053004C /* Resources */,
			);
			buildRules = (
			);
			dependencies = (
			);
			name = MyGames;
			productName = MyGames;
			productReference = A1080918211CDA210053004C /* MyGames.app */;
			productType = "com.apple.product-type.application";
		};
/* End PBXNativeTarget section */

/* Begin PBXProject section */
		A1080910211CDA210053004C /* Project object */ = {
			isa = PBXProject;
			attributes = {
				LastSwiftUpdateCheck = 0940;
				LastUpgradeCheck = 0940;
				ORGANIZATIONNAME = Exatron;
				TargetAttributes = {
					A1080917211CDA210053004C = {
						CreatedOnToolsVersion = 9.4.1;
					};
				};
			};
			buildConfigurationList = A1080913211CDA210053004C /* Build configuration list for PBXProject "MyGames" */;
			compatibilityVersion = "Xcode 9.3";
			developmentRegion = en;
			hasScannedForEncodings = 0;
			knownRegions = (
				en,
				Base,
			);
			mainGroup = A108090F211CDA210053004C;
			productRefGroup = A1080919211CDA210053004C /* Products */;
			projectDirPath = "";
			projectRoot = "";
			targets = (
				A1080917211CDA210053004C /* MyGames */,
			);
		};
/* End PBXProject section */

/* Begin PBXResourcesBuildPhase section */
		A1080916211CDA210053004C /* Resources */ = {
			isa = PBXResourcesBuildPhase;
			buildActionMask = 2147483647;
			files = (
				A1080929211CDA220053004C /* LaunchScreen.storyboard in Resources */,
				A1080926211CDA220053004C /* Assets.xcassets in Resources */,
				A1080921211CDA210053004C /* Main.storyboard in Resources */,
			);
			runOnlyForDeploymentPostprocessing = 0;
		};
/* End PBXResourcesBuildPhase section */

/* Begin PBXSourcesBuildPhase section */
		A1080914211CDA210053004C /* Sources */ = {
			isa = PBXSourcesBuildPhase;
			buildActionMask = 2147483647;
			files = (
				A108091E211CDA210053004C /* ViewController.swift in Sources */,
				A1080937211DB2820053004C /* AddEditViewController.swift in Sources */,
				A1080931211DB21E0053004C /* GamesTableViewController.swift in Sources */,
				A108091C211CDA210053004C /* AppDelegate.swift in Sources */,
				A1080924211CDA210053004C /* MyGames.xcdatamodeld in Sources */,
				A108093B211DBB9B0053004C /* ViewController+CoreData.swift in Sources */,
				A1080935211DB2690053004C /* GameViewController.swift in Sources */,
				A108093D211DC3C60053004C /* ConsolesManager.swift in Sources */,
				A1080933211DB23F0053004C /* ConsolesTableViewController.swift in Sources */,
				A1080939211DB3520053004C /* GameTableViewCell.swift in Sources */,
			);
			runOnlyForDeploymentPostprocessing = 0;
		};
/* End PBXSourcesBuildPhase section */

/* Begin PBXVariantGroup section */
		A108091F211CDA210053004C /* Main.storyboard */ = {
			isa = PBXVariantGroup;
			children = (
				A1080920211CDA210053004C /* Base */,
			);
			name = Main.storyboard;
			sourceTree = "<group>";
		};
		A1080927211CDA220053004C /* LaunchScreen.storyboard */ = {
			isa = PBXVariantGroup;
			children = (
				A1080928211CDA220053004C /* Base */,
			);
			name = LaunchScreen.storyboard;
			sourceTree = "<group>";
		};
/* End PBXVariantGroup section */

/* Begin XCBuildConfiguration section */
		A108092B211CDA220053004C /* Debug */ = {
			isa = XCBuildConfiguration;
			buildSettings = {
				ALWAYS_SEARCH_USER_PATHS = NO;
				CLANG_ANALYZER_NONNULL = YES;
				CLANG_ANALYZER_NUMBER_OBJECT_CONVERSION = YES_AGGRESSIVE;
				CLANG_CXX_LANGUAGE_STANDARD = "gnu++14";
				CLANG_CXX_LIBRARY = "libc++";
				CLANG_ENABLE_MODULES = YES;
				CLANG_ENABLE_OBJC_ARC = YES;
				CLANG_ENABLE_OBJC_WEAK = YES;
				CLANG_WARN_BLOCK_CAPTURE_AUTORELEASING = YES;
				CLANG_WARN_BOOL_CONVERSION = YES;
				CLANG_WARN_COMMA = YES;
				CLANG_WARN_CONSTANT_CONVERSION = YES;
				CLANG_WARN_DEPRECATED_OBJC_IMPLEMENTATIONS = YES;
				CLANG_WARN_DIRECT_OBJC_ISA_USAGE = YES_ERROR;
				CLANG_WARN_DOCUMENTATION_COMMENTS = YES;
				CLANG_WARN_EMPTY_BODY = YES;
				CLANG_WARN_ENUM_CONVERSION = YES;
				CLANG_WARN_INFINITE_RECURSION = YES;
				CLANG_WARN_INT_CONVERSION = YES;
				CLANG_WARN_NON_LITERAL_NULL_CONVERSION = YES;
				CLANG_WARN_OBJC_IMPLICIT_RETAIN_SELF = YES;
				CLANG_WARN_OBJC_LITERAL_CONVERSION = YES;
				CLANG_WARN_OBJC_ROOT_CLASS = YES_ERROR;
				CLANG_WARN_RANGE_LOOP_ANALYSIS = YES;
				CLANG_WARN_STRICT_PROTOTYPES = YES;
				CLANG_WARN_SUSPICIOUS_MOVE = YES;
				CLANG_WARN_UNGUARDED_AVAILABILITY = YES_AGGRESSIVE;
				CLANG_WARN_UNREACHABLE_CODE = YES;
				CLANG_WARN__DUPLICATE_METHOD_MATCH = YES;
				CODE_SIGN_IDENTITY = "iPhone Developer";
				COPY_PHASE_STRIP = NO;
				DEBUG_INFORMATION_FORMAT = dwarf;
				ENABLE_STRICT_OBJC_MSGSEND = YES;
				ENABLE_TESTABILITY = YES;
				GCC_C_LANGUAGE_STANDARD = gnu11;
				GCC_DYNAMIC_NO_PIC = NO;
				GCC_NO_COMMON_BLOCKS = YES;
				GCC_OPTIMIZATION_LEVEL = 0;
				GCC_PREPROCESSOR_DEFINITIONS = (
					"DEBUG=1",
					"$(inherited)",
				);
				GCC_WARN_64_TO_32_BIT_CONVERSION = YES;
				GCC_WARN_ABOUT_RETURN_TYPE = YES_ERROR;
				GCC_WARN_UNDECLARED_SELECTOR = YES;
				GCC_WARN_UNINITIALIZED_AUTOS = YES_AGGRESSIVE;
				GCC_WARN_UNUSED_FUNCTION = YES;
				GCC_WARN_UNUSED_VARIABLE = YES;
				IPHONEOS_DEPLOYMENT_TARGET = 11.4;
				MTL_ENABLE_DEBUG_INFO = YES;
				ONLY_ACTIVE_ARCH = YES;
				SDKROOT = iphoneos;
				SWIFT_ACTIVE_COMPILATION_CONDITIONS = DEBUG;
				SWIFT_OPTIMIZATION_LEVEL = "-Onone";
			};
			name = Debug;
		};
		A108092C211CDA220053004C /* Release */ = {
			isa = XCBuildConfiguration;
			buildSettings = {
				ALWAYS_SEARCH_USER_PATHS = NO;
				CLANG_ANALYZER_NONNULL = YES;
				CLANG_ANALYZER_NUMBER_OBJECT_CONVERSION = YES_AGGRESSIVE;
				CLANG_CXX_LANGUAGE_STANDARD = "gnu++14";
				CLANG_CXX_LIBRARY = "libc++";
				CLANG_ENABLE_MODULES = YES;
				CLANG_ENABLE_OBJC_ARC = YES;
				CLANG_ENABLE_OBJC_WEAK = YES;
				CLANG_WARN_BLOCK_CAPTURE_AUTORELEASING = YES;
				CLANG_WARN_BOOL_CONVERSION = YES;
				CLANG_WARN_COMMA = YES;
				CLANG_WARN_CONSTANT_CONVERSION = YES;
				CLANG_WARN_DEPRECATED_OBJC_IMPLEMENTATIONS = YES;
				CLANG_WARN_DIRECT_OBJC_ISA_USAGE = YES_ERROR;
				CLANG_WARN_DOCUMENTATION_COMMENTS = YES;
				CLANG_WARN_EMPTY_BODY = YES;
				CLANG_WARN_ENUM_CONVERSION = YES;
				CLANG_WARN_INFINITE_RECURSION = YES;
				CLANG_WARN_INT_CONVERSION = YES;
				CLANG_WARN_NON_LITERAL_NULL_CONVERSION = YES;
				CLANG_WARN_OBJC_IMPLICIT_RETAIN_SELF = YES;
				CLANG_WARN_OBJC_LITERAL_CONVERSION = YES;
				CLANG_WARN_OBJC_ROOT_CLASS = YES_ERROR;
				CLANG_WARN_RANGE_LOOP_ANALYSIS = YES;
				CLANG_WARN_STRICT_PROTOTYPES = YES;
				CLANG_WARN_SUSPICIOUS_MOVE = YES;
				CLANG_WARN_UNGUARDED_AVAILABILITY = YES_AGGRESSIVE;
				CLANG_WARN_UNREACHABLE_CODE = YES;
				CLANG_WARN__DUPLICATE_METHOD_MATCH = YES;
				CODE_SIGN_IDENTITY = "iPhone Developer";
				COPY_PHASE_STRIP = NO;
				DEBUG_INFORMATION_FORMAT = "dwarf-with-dsym";
				ENABLE_NS_ASSERTIONS = NO;
				ENABLE_STRICT_OBJC_MSGSEND = YES;
				GCC_C_LANGUAGE_STANDARD = gnu11;
				GCC_NO_COMMON_BLOCKS = YES;
				GCC_WARN_64_TO_32_BIT_CONVERSION = YES;
				GCC_WARN_ABOUT_RETURN_TYPE = YES_ERROR;
				GCC_WARN_UNDECLARED_SELECTOR = YES;
				GCC_WARN_UNINITIALIZED_AUTOS = YES_AGGRESSIVE;
				GCC_WARN_UNUSED_FUNCTION = YES;
				GCC_WARN_UNUSED_VARIABLE = YES;
				IPHONEOS_DEPLOYMENT_TARGET = 11.4;
				MTL_ENABLE_DEBUG_INFO = NO;
				SDKROOT = iphoneos;
				SWIFT_COMPILATION_MODE = wholemodule;
				SWIFT_OPTIMIZATION_LEVEL = "-O";
				VALIDATE_PRODUCT = YES;
			};
			name = Release;
		};
		A108092E211CDA220053004C /* Debug */ = {
			isa = XCBuildConfiguration;
			buildSettings = {
				ASSETCATALOG_COMPILER_APPICON_NAME = AppIcon;
				CODE_SIGN_STYLE = Automatic;
				DEVELOPMENT_TEAM = 83NFHDY43B;
				INFOPLIST_FILE = MyGames/Info.plist;
				IPHONEOS_DEPLOYMENT_TARGET = 11.3;
				LD_RUNPATH_SEARCH_PATHS = (
					"$(inherited)",
					"@executable_path/Frameworks",
				);
				PRODUCT_BUNDLE_IDENTIFIER = br.com.edwylugo.MyGames;
				PRODUCT_NAME = "$(TARGET_NAME)";
				SWIFT_VERSION = 4.0;
				TARGETED_DEVICE_FAMILY = 1;
			};
			name = Debug;
		};
		A108092F211CDA220053004C /* Release */ = {
			isa = XCBuildConfiguration;
			buildSettings = {
				ASSETCATALOG_COMPILER_APPICON_NAME = AppIcon;
				CODE_SIGN_STYLE = Automatic;
				DEVELOPMENT_TEAM = 83NFHDY43B;
				INFOPLIST_FILE = MyGames/Info.plist;
				IPHONEOS_DEPLOYMENT_TARGET = 11.3;
				LD_RUNPATH_SEARCH_PATHS = (
					"$(inherited)",
					"@executable_path/Frameworks",
				);
				PRODUCT_BUNDLE_IDENTIFIER = br.com.edwylugo.MyGames;
				PRODUCT_NAME = "$(TARGET_NAME)";
				SWIFT_VERSION = 4.0;
				TARGETED_DEVICE_FAMILY = 1;
			};
			name = Release;
		};
/* End XCBuildConfiguration section */

/* Begin XCConfigurationList section */
		A1080913211CDA210053004C /* Build configuration list for PBXProject "MyGames" */ = {
			isa = XCConfigurationList;
			buildConfigurations = (
				A108092B211CDA220053004C /* Debug */,
				A108092C211CDA220053004C /* Release */,
			);
			defaultConfigurationIsVisible = 0;
			defaultConfigurationName = Release;
		};
		A108092D211CDA220053004C /* Build configuration list for PBXNativeTarget "MyGames" */ = {
			isa = XCConfigurationList;
			buildConfigurations = (
				A108092E211CDA220053004C /* Debug */,
				A108092F211CDA220053004C /* Release */,
			);
			defaultConfigurationIsVisible = 0;
			defaultConfigurationName = Release;
		};
/* End XCConfigurationList section */

/* Begin XCVersionGroup section */
		A1080922211CDA210053004C /* MyGames.xcdatamodeld */ = {
			isa = XCVersionGroup;
			children = (
				A1080923211CDA210053004C /* MyGames.xcdatamodel */,
			);
			currentVersion = A1080923211CDA210053004C /* MyGames.xcdatamodel */;
			path = MyGames.xcdatamodeld;
			sourceTree = "<group>";
			versionGroupType = wrapper.xcdatamodel;
		};
/* End XCVersionGroup section */
	};
	rootObject = A1080910211CDA210053004C /* Project object */;
}
